# THIS IS AN AUTOGENERATED FILE. DO NOT EDIT THIS FILE DIRECTLY.
# yarn lockfile v1


"@tsconfig/node22@^22.0.5":
  version "22.0.5"
  resolved "https://registry.npmjs.org/@tsconfig/node22/-/node22-22.0.5.tgz"
  integrity sha512-hLf2ld+sYN/BtOJjHUWOk568dvjFQkHnLNa6zce25GIH+vxKfvTgm3qpaH6ToF5tu/NN0IH66s+Bb5wElHrLcw==

pnpm@^8.15.9:
  version "8.15.9"
  resolved "https://registry.npmjs.org/pnpm/-/pnpm-8.15.9.tgz"
  integrity sha512-SZQ0ydj90aJ5Tr9FUrOyXApjOrzuW7Fee13pDzL0e1E6ypjNXP0AHDHw20VLw4BO3M1XhQHkyik6aBYWa72fgQ==

prettier@^3.7.4:
  version "3.7.4"
  resolved "https://registry.npmjs.org/prettier/-/prettier-3.7.4.tgz"
  integrity sha512-v6UNi1+3hSlVvv8fSaoUbggEM5VErKmmpGA7Pl3HF8V6uKY7rvClBOJlH6yNwQtfTueNkGVpOv/mtWL9L4bgRA==

turbo-windows-64@2.7.1:
  version "2.7.1"
  resolved "https://registry.npmjs.org/turbo-windows-64/-/turbo-windows-64-2.7.1.tgz"
  integrity sha512-rkeuviXZ/1F7lCare7TNKvYtT/SH9dZR55FAMrxrFRh88b+ZKwlXEBfq5/1OctEzRUo/VLIm+s5LJMOEy+QshA==

turbo@^2.7.1:
  version "2.7.1"
  resolved "https://registry.npmjs.org/turbo/-/turbo-2.7.1.tgz"
  integrity sha512-zAj9jGc7VDvuAo/5Jbos4QTtWz9uUpkMhMKGyTjDJkx//hdL2bM31qQoJSAbU+7JyK5vb0LPzpwf6DUt3zayqg==
  optionalDependencies:
    turbo-darwin-64 "2.7.1"
    turbo-darwin-arm64 "2.7.1"
    turbo-linux-64 "2.7.1"
    turbo-linux-arm64 "2.7.1"
    turbo-windows-64 "2.7.1"
    turbo-windows-arm64 "2.7.1"

typescript@^5.9.2, typescript@^5.9.3, typescript@5.9.2:
  version "5.9.2"
  resolved "https://registry.npmjs.org/typescript/-/typescript-5.9.2.tgz"
  integrity sha512-CWBzXQrc/qOkhidw1OzBTQuYRbfyxDXJMVJ1XNwUHGROVmuaeiEm3OslpZ1RV96d7SKKjZKrSJu3+t/xlw3R9A==
